
Microsoft Visual Studio Solution File, Format Version 12.00
# Visual Studio Version 16
VisualStudioVersion = 16.0.29409.12
MinimumVisualStudioVersion = 10.0.40219.1
Project("{2150E333-8FDC-42A3-9474-1A3956D46DE8}") = "Proyecto Final", "Proyecto Final", "{1871EBB0-33BA-4049-9DB0-3C5B6ABCA4B7}"
EndProject
Project("{2150E333-8FDC-42A3-9474-1A3956D46DE8}") = "Modulos", "Modulos", "{762D8B37-440A-4589-B708-DE421C30A166}"
EndProject
Project("{2150E333-8FDC-42A3-9474-1A3956D46DE8}") = "Modulo-2", "Modulo-2", "{A9929C33-0457-4B3D-AA58-0CCF83781613}"
EndProject
Project("{2150E333-8FDC-42A3-9474-1A3956D46DE8}") = "Modulo-3", "Modulo-3", "{1D4014ED-268A-443E-8BBD-A6C19568C2CD}"
EndProject
Project("{2150E333-8FDC-42A3-9474-1A3956D46DE8}") = "Modulo-4", "Modulo-4", "{3C73A959-F0A4-43A0-9FA8-4B270137E22D}"
EndProject
Project("{2150E333-8FDC-42A3-9474-1A3956D46DE8}") = "Modulo-5", "Modulo-5", "{BFBD1D2E-6235-4D0B-93DD-B9A030BFD3ED}"
EndProject
Project("{2150E333-8FDC-42A3-9474-1A3956D46DE8}") = "Modulo-6", "Modulo-6", "{956D6AD4-C1D4-46F0-9FE4-59F0717DDC30}"
EndProject
Project("{2150E333-8FDC-42A3-9474-1A3956D46DE8}") = "Comun", "Comun", "{28050192-096B-4587-B059-4FB1587EDFA1}"
EndProject
Project("{FAE04EC0-301F-11D3-BF4B-00C04F79EFBC}") = "CIPSA-CSharp-Common", "CIPSA-CSharp-Common\CIPSA-CSharp-Common.csproj", "{D6AC6AD6-2BAE-4F4E-8715-DF9BB99395A0}"
EndProject
Project("{FAE04EC0-301F-11D3-BF4B-00C04F79EFBC}") = "CIPSA-CSharp-Module2WPF", "CIPSA-CSharp-Module2WPF\CIPSA-CSharp-Module2WPF.csproj", "{3F8101F6-B6E0-45F6-B2FE-C13133DE5D9C}"
EndProject
Project("{2150E333-8FDC-42A3-9474-1A3956D46DE8}") = "Console", "Console", "{691B267D-9B45-4B11-954A-6170033981B7}"
EndProject
Project("{FAE04EC0-301F-11D3-BF4B-00C04F79EFBC}") = "CIPSA-CSharp-Module3-3.1", "CIPSA-CSharp-Module3-3.1\CIPSA-CSharp-Module3-3.1.csproj", "{721D151D-FED2-406B-B03E-2F06ECDBDFF9}"
EndProject
Project("{FAE04EC0-301F-11D3-BF4B-00C04F79EFBC}") = "CIPSA-CSharp-Module3-3.2", "CIPSA-CSharp-Module3-3.2\CIPSA-CSharp-Module3-3.2.csproj", "{AE7AF452-2C60-4CF7-BDB0-3C39B0903BF9}"
EndProject
Project("{FAE04EC0-301F-11D3-BF4B-00C04F79EFBC}") = "CIPSA-CSharp-Module3-3.3", "CIPSA-CSharp-Module3-3.3\CIPSA-CSharp-Module3-3.3.csproj", "{C1EB0E27-CF43-4A25-9D68-38354D4E15F1}"
EndProject
Project("{FAE04EC0-301F-11D3-BF4B-00C04F79EFBC}") = "CIPSA-CSharp-Module3-3.4", "CIPSA-CSharp-Module3-3.4\CIPSA-CSharp-Module3-3.4.csproj", "{0979C90A-770A-4330-9820-E37ADD71D342}"
EndProject
Project("{FAE04EC0-301F-11D3-BF4B-00C04F79EFBC}") = "CIPSA-CSharp-Module3-3.5", "CIPSA-CSharp-Module3-3.5\CIPSA-CSharp-Module3-3.5.csproj", "{FFE65022-5C3E-4EDB-963C-D7CAEE816BFF}"
EndProject
Project("{2150E333-8FDC-42A3-9474-1A3956D46DE8}") = "Console", "Console", "{EF0BE219-8A66-4218-9CDA-5DDA53FB869F}"
EndProject
Project("{FAE04EC0-301F-11D3-BF4B-00C04F79EFBC}") = "CIPSA-CSharp-Module4-4.1-1", "CIPSA-CSharp-Module4-4.1-1\CIPSA-CSharp-Module4-4.1-1.csproj", "{0AE463F8-770A-4C71-9AFA-1BCD86AAADE9}"
EndProject
Project("{FAE04EC0-301F-11D3-BF4B-00C04F79EFBC}") = "CIPSA-CSharp-Module4-4.1-2-to-3", "CIPSA-CSharp-Module4-4.1-2-to-3\CIPSA-CSharp-Module4-4.1-2-to-3.csproj", "{0E92A37E-80E7-4B54-A576-E3E0B758262E}"
EndProject
Project("{FAE04EC0-301F-11D3-BF4B-00C04F79EFBC}") = "CIPSA-CSharp-Module-4-4.2-1-to-10", "CIPSA-CSharp-Module-4-4.2-1-to-10\CIPSA-CSharp-Module-4-4.2-1-to-10.csproj", "{AC1BDB5E-ED96-4D9E-8D6E-FD700714A020}"
EndProject
Global
	GlobalSection(SolutionConfigurationPlatforms) = preSolution
		Debug|Any CPU = Debug|Any CPU
		Release|Any CPU = Release|Any CPU
	EndGlobalSection
	GlobalSection(ProjectConfigurationPlatforms) = postSolution
		{D6AC6AD6-2BAE-4F4E-8715-DF9BB99395A0}.Debug|Any CPU.ActiveCfg = Debug|Any CPU
		{D6AC6AD6-2BAE-4F4E-8715-DF9BB99395A0}.Debug|Any CPU.Build.0 = Debug|Any CPU
		{D6AC6AD6-2BAE-4F4E-8715-DF9BB99395A0}.Release|Any CPU.ActiveCfg = Release|Any CPU
		{D6AC6AD6-2BAE-4F4E-8715-DF9BB99395A0}.Release|Any CPU.Build.0 = Release|Any CPU
		{3F8101F6-B6E0-45F6-B2FE-C13133DE5D9C}.Debug|Any CPU.ActiveCfg = Debug|Any CPU
		{3F8101F6-B6E0-45F6-B2FE-C13133DE5D9C}.Debug|Any CPU.Build.0 = Debug|Any CPU
		{3F8101F6-B6E0-45F6-B2FE-C13133DE5D9C}.Release|Any CPU.ActiveCfg = Release|Any CPU
		{3F8101F6-B6E0-45F6-B2FE-C13133DE5D9C}.Release|Any CPU.Build.0 = Release|Any CPU
		{721D151D-FED2-406B-B03E-2F06ECDBDFF9}.Debug|Any CPU.ActiveCfg = Debug|Any CPU
		{721D151D-FED2-406B-B03E-2F06ECDBDFF9}.Debug|Any CPU.Build.0 = Debug|Any CPU
		{721D151D-FED2-406B-B03E-2F06ECDBDFF9}.Release|Any CPU.ActiveCfg = Release|Any CPU
		{721D151D-FED2-406B-B03E-2F06ECDBDFF9}.Release|Any CPU.Build.0 = Release|Any CPU
		{AE7AF452-2C60-4CF7-BDB0-3C39B0903BF9}.Debug|Any CPU.ActiveCfg = Debug|Any CPU
		{AE7AF452-2C60-4CF7-BDB0-3C39B0903BF9}.Debug|Any CPU.Build.0 = Debug|Any CPU
		{AE7AF452-2C60-4CF7-BDB0-3C39B0903BF9}.Release|Any CPU.ActiveCfg = Release|Any CPU
		{AE7AF452-2C60-4CF7-BDB0-3C39B0903BF9}.Release|Any CPU.Build.0 = Release|Any CPU
		{C1EB0E27-CF43-4A25-9D68-38354D4E15F1}.Debug|Any CPU.ActiveCfg = Debug|Any CPU
		{C1EB0E27-CF43-4A25-9D68-38354D4E15F1}.Debug|Any CPU.Build.0 = Debug|Any CPU
		{C1EB0E27-CF43-4A25-9D68-38354D4E15F1}.Release|Any CPU.ActiveCfg = Release|Any CPU
		{C1EB0E27-CF43-4A25-9D68-38354D4E15F1}.Release|Any CPU.Build.0 = Release|Any CPU
		{0979C90A-770A-4330-9820-E37ADD71D342}.Debug|Any CPU.ActiveCfg = Debug|Any CPU
		{0979C90A-770A-4330-9820-E37ADD71D342}.Debug|Any CPU.Build.0 = Debug|Any CPU
		{0979C90A-770A-4330-9820-E37ADD71D342}.Release|Any CPU.ActiveCfg = Release|Any CPU
		{0979C90A-770A-4330-9820-E37ADD71D342}.Release|Any CPU.Build.0 = Release|Any CPU
		{FFE65022-5C3E-4EDB-963C-D7CAEE816BFF}.Debug|Any CPU.ActiveCfg = Debug|Any CPU
		{FFE65022-5C3E-4EDB-963C-D7CAEE816BFF}.Debug|Any CPU.Build.0 = Debug|Any CPU
		{FFE65022-5C3E-4EDB-963C-D7CAEE816BFF}.Release|Any CPU.ActiveCfg = Release|Any CPU
		{FFE65022-5C3E-4EDB-963C-D7CAEE816BFF}.Release|Any CPU.Build.0 = Release|Any CPU
		{0AE463F8-770A-4C71-9AFA-1BCD86AAADE9}.Debug|Any CPU.ActiveCfg = Debug|Any CPU
		{0AE463F8-770A-4C71-9AFA-1BCD86AAADE9}.Debug|Any CPU.Build.0 = Debug|Any CPU
		{0AE463F8-770A-4C71-9AFA-1BCD86AAADE9}.Release|Any CPU.ActiveCfg = Release|Any CPU
		{0AE463F8-770A-4C71-9AFA-1BCD86AAADE9}.Release|Any CPU.Build.0 = Release|Any CPU
		{0E92A37E-80E7-4B54-A576-E3E0B758262E}.Debug|Any CPU.ActiveCfg = Debug|Any CPU
		{0E92A37E-80E7-4B54-A576-E3E0B758262E}.Debug|Any CPU.Build.0 = Debug|Any CPU
		{0E92A37E-80E7-4B54-A576-E3E0B758262E}.Release|Any CPU.ActiveCfg = Release|Any CPU
		{0E92A37E-80E7-4B54-A576-E3E0B758262E}.Release|Any CPU.Build.0 = Release|Any CPU
		{AC1BDB5E-ED96-4D9E-8D6E-FD700714A020}.Debug|Any CPU.ActiveCfg = Debug|Any CPU
		{AC1BDB5E-ED96-4D9E-8D6E-FD700714A020}.Debug|Any CPU.Build.0 = Debug|Any CPU
		{AC1BDB5E-ED96-4D9E-8D6E-FD700714A020}.Release|Any CPU.ActiveCfg = Release|Any CPU
		{AC1BDB5E-ED96-4D9E-8D6E-FD700714A020}.Release|Any CPU.Build.0 = Release|Any CPU
	EndGlobalSection
	GlobalSection(SolutionProperties) = preSolution
		HideSolutionNode = FALSE
	EndGlobalSection
	GlobalSection(NestedProjects) = preSolution
		{A9929C33-0457-4B3D-AA58-0CCF83781613} = {762D8B37-440A-4589-B708-DE421C30A166}
		{1D4014ED-268A-443E-8BBD-A6C19568C2CD} = {762D8B37-440A-4589-B708-DE421C30A166}
		{3C73A959-F0A4-43A0-9FA8-4B270137E22D} = {762D8B37-440A-4589-B708-DE421C30A166}
		{BFBD1D2E-6235-4D0B-93DD-B9A030BFD3ED} = {762D8B37-440A-4589-B708-DE421C30A166}
		{956D6AD4-C1D4-46F0-9FE4-59F0717DDC30} = {762D8B37-440A-4589-B708-DE421C30A166}
		{D6AC6AD6-2BAE-4F4E-8715-DF9BB99395A0} = {28050192-096B-4587-B059-4FB1587EDFA1}
		{3F8101F6-B6E0-45F6-B2FE-C13133DE5D9C} = {A9929C33-0457-4B3D-AA58-0CCF83781613}
		{691B267D-9B45-4B11-954A-6170033981B7} = {1D4014ED-268A-443E-8BBD-A6C19568C2CD}
		{721D151D-FED2-406B-B03E-2F06ECDBDFF9} = {691B267D-9B45-4B11-954A-6170033981B7}
		{AE7AF452-2C60-4CF7-BDB0-3C39B0903BF9} = {691B267D-9B45-4B11-954A-6170033981B7}
		{C1EB0E27-CF43-4A25-9D68-38354D4E15F1} = {691B267D-9B45-4B11-954A-6170033981B7}
		{0979C90A-770A-4330-9820-E37ADD71D342} = {691B267D-9B45-4B11-954A-6170033981B7}
		{FFE65022-5C3E-4EDB-963C-D7CAEE816BFF} = {691B267D-9B45-4B11-954A-6170033981B7}
		{EF0BE219-8A66-4218-9CDA-5DDA53FB869F} = {3C73A959-F0A4-43A0-9FA8-4B270137E22D}
		{0AE463F8-770A-4C71-9AFA-1BCD86AAADE9} = {EF0BE219-8A66-4218-9CDA-5DDA53FB869F}
		{0E92A37E-80E7-4B54-A576-E3E0B758262E} = {EF0BE219-8A66-4218-9CDA-5DDA53FB869F}
		{AC1BDB5E-ED96-4D9E-8D6E-FD700714A020} = {EF0BE219-8A66-4218-9CDA-5DDA53FB869F}
	EndGlobalSection
	GlobalSection(ExtensibilityGlobals) = postSolution
		SolutionGuid = {C9699EA5-22B5-4E3A-BBE0-EBD6EEF1BCDB}
	EndGlobalSection
EndGlobal
