
Microsoft Visual Studio Solution File, Format Version 12.00
# Visual Studio Version 16
VisualStudioVersion = 16.0.29409.12
MinimumVisualStudioVersion = 10.0.40219.1
Project("{2150E333-8FDC-42A3-9474-1A3956D46DE8}") = "Proyecto Final", "Proyecto Final", "{1871EBB0-33BA-4049-9DB0-3C5B6ABCA4B7}"
EndProject
Project("{2150E333-8FDC-42A3-9474-1A3956D46DE8}") = "Modulos", "Modulos", "{762D8B37-440A-4589-B708-DE421C30A166}"
EndProject
Project("{2150E333-8FDC-42A3-9474-1A3956D46DE8}") = "Modulo-2", "Modulo-2", "{A9929C33-0457-4B3D-AA58-0CCF83781613}"
EndProject
Project("{2150E333-8FDC-42A3-9474-1A3956D46DE8}") = "Modulo-3", "Modulo-3", "{1D4014ED-268A-443E-8BBD-A6C19568C2CD}"
EndProject
Project("{2150E333-8FDC-42A3-9474-1A3956D46DE8}") = "Modulo-4", "Modulo-4", "{3C73A959-F0A4-43A0-9FA8-4B270137E22D}"
EndProject
Project("{2150E333-8FDC-42A3-9474-1A3956D46DE8}") = "Modulo-5", "Modulo-5", "{BFBD1D2E-6235-4D0B-93DD-B9A030BFD3ED}"
EndProject
Project("{2150E333-8FDC-42A3-9474-1A3956D46DE8}") = "Modulo-6", "Modulo-6", "{956D6AD4-C1D4-46F0-9FE4-59F0717DDC30}"
EndProject
Project("{2150E333-8FDC-42A3-9474-1A3956D46DE8}") = "Comun", "Comun", "{28050192-096B-4587-B059-4FB1587EDFA1}"
EndProject
Project("{FAE04EC0-301F-11D3-BF4B-00C04F79EFBC}") = "CIPSA-CSharp-Common", "CIPSA-CSharp-Common\CIPSA-CSharp-Common.csproj", "{D6AC6AD6-2BAE-4F4E-8715-DF9BB99395A0}"
EndProject
Project("{FAE04EC0-301F-11D3-BF4B-00C04F79EFBC}") = "CIPSA-CSharp-Module2WPF", "CIPSA-CSharp-Module2WPF\CIPSA-CSharp-Module2WPF.csproj", "{3F8101F6-B6E0-45F6-B2FE-C13133DE5D9C}"
EndProject
Project("{2150E333-8FDC-42A3-9474-1A3956D46DE8}") = "Console", "Console", "{691B267D-9B45-4B11-954A-6170033981B7}"
EndProject
Project("{FAE04EC0-301F-11D3-BF4B-00C04F79EFBC}") = "CIPSA-CSharp-Module3-3.1", "CIPSA-CSharp-Module3-3.1\CIPSA-CSharp-Module3-3.1.csproj", "{721D151D-FED2-406B-B03E-2F06ECDBDFF9}"
EndProject
Project("{FAE04EC0-301F-11D3-BF4B-00C04F79EFBC}") = "CIPSA-CSharp-Module3-3.2", "CIPSA-CSharp-Module3-3.2\CIPSA-CSharp-Module3-3.2.csproj", "{AE7AF452-2C60-4CF7-BDB0-3C39B0903BF9}"
EndProject
Project("{FAE04EC0-301F-11D3-BF4B-00C04F79EFBC}") = "CIPSA-CSharp-Module3-3.3", "CIPSA-CSharp-Module3-3.3\CIPSA-CSharp-Module3-3.3.csproj", "{C1EB0E27-CF43-4A25-9D68-38354D4E15F1}"
EndProject
Project("{FAE04EC0-301F-11D3-BF4B-00C04F79EFBC}") = "CIPSA-CSharp-Module3-3.4", "CIPSA-CSharp-Module3-3.4\CIPSA-CSharp-Module3-3.4.csproj", "{0979C90A-770A-4330-9820-E37ADD71D342}"
EndProject
Project("{FAE04EC0-301F-11D3-BF4B-00C04F79EFBC}") = "CIPSA-CSharp-Module3-3.5", "CIPSA-CSharp-Module3-3.5\CIPSA-CSharp-Module3-3.5.csproj", "{FFE65022-5C3E-4EDB-963C-D7CAEE816BFF}"
EndProject
Project("{2150E333-8FDC-42A3-9474-1A3956D46DE8}") = "Console", "Console", "{EF0BE219-8A66-4218-9CDA-5DDA53FB869F}"
EndProject
Project("{FAE04EC0-301F-11D3-BF4B-00C04F79EFBC}") = "CIPSA-CSharp-Module4-4.1-1", "CIPSA-CSharp-Module4-4.1-1\CIPSA-CSharp-Module4-4.1-1.csproj", "{0AE463F8-770A-4C71-9AFA-1BCD86AAADE9}"
EndProject
Project("{FAE04EC0-301F-11D3-BF4B-00C04F79EFBC}") = "CIPSA-CSharp-Module4-4.1-2-to-3", "CIPSA-CSharp-Module4-4.1-2-to-3\CIPSA-CSharp-Module4-4.1-2-to-3.csproj", "{0E92A37E-80E7-4B54-A576-E3E0B758262E}"
EndProject
Project("{FAE04EC0-301F-11D3-BF4B-00C04F79EFBC}") = "CIPSA-CSharp-Module-4-4.2-1-to-10", "CIPSA-CSharp-Module-4-4.2-1-to-10\CIPSA-CSharp-Module-4-4.2-1-to-10.csproj", "{AC1BDB5E-ED96-4D9E-8D6E-FD700714A020}"
EndProject
Project("{FAE04EC0-301F-11D3-BF4B-00C04F79EFBC}") = "CIPSA-CSharp-Module4-4.2-11-to-21", "CIPSA-CSharp-Module4-4.2-11-to-21\CIPSA-CSharp-Module4-4.2-11-to-21.csproj", "{C1DC14CB-85D4-4C30-9709-FF8BDD161097}"
EndProject
Project("{FAE04EC0-301F-11D3-BF4B-00C04F79EFBC}") = "CIPSA-CSharp-Module4-4.3-1-to-8", "CIPSA-CSharp-Module4-4.3-1-to-8\CIPSA-CSharp-Module4-4.3-1-to-8.csproj", "{4220A52F-CB2F-4801-A71D-E589F254DA64}"
EndProject
Project("{2150E333-8FDC-42A3-9474-1A3956D46DE8}") = "WPF", "WPF", "{41C24924-6291-4014-85D3-EA702FAFA9BD}"
EndProject
Project("{FAE04EC0-301F-11D3-BF4B-00C04F79EFBC}") = "CIPSA-CSharp-Module4-4.3-9", "CIPSA-CSharp-Module4-4.3-9\CIPSA-CSharp-Module4-4.3-9.csproj", "{EDD9BBD8-252C-46EF-B01B-670CA8896207}"
EndProject
Project("{2150E333-8FDC-42A3-9474-1A3956D46DE8}") = "Console", "Console", "{1ACF4335-ED07-45D3-9451-60D4A44B7EC3}"
EndProject
Project("{FAE04EC0-301F-11D3-BF4B-00C04F79EFBC}") = "CIPSA-CSharp-Module5-CuentaBancaria", "CIPSA-CSharp-Module5-CuentaBancaria\CIPSA-CSharp-Module5-CuentaBancaria.csproj", "{1A4737B6-2092-41D5-82D6-57DD21E1F53F}"
EndProject
Project("{FAE04EC0-301F-11D3-BF4B-00C04F79EFBC}") = "CIPSA-CSharp-Module5-Ficheros", "CIPSA-CSharp-Module5-Ficheros\CIPSA-CSharp-Module5-Ficheros.csproj", "{7B45A1BD-1F65-40D0-8306-422AE1256852}"
EndProject
Project("{FAE04EC0-301F-11D3-BF4B-00C04F79EFBC}") = "CIPSA-CSharp-Module5-5.1-to-5.7", "CIPSA-CSharp-Module5-5.1-to-5.7\CIPSA-CSharp-Module5-5.1-to-5.7.csproj", "{6F61C309-E7EE-481D-B13F-EA53CE091F1F}"
EndProject
Project("{2150E333-8FDC-42A3-9474-1A3956D46DE8}") = "Console", "Console", "{B453F3CE-D7D2-4805-89DC-9B5CAA2F46BA}"
EndProject
Project("{FAE04EC0-301F-11D3-BF4B-00C04F79EFBC}") = "CIPSA.-CSharp-Module6", "CIPSA.-CSharp-Module6\CIPSA.-CSharp-Module6.csproj", "{82A1CEBA-7590-4D3F-BB33-9D6A2CC85792}"
EndProject
Project("{2150E333-8FDC-42A3-9474-1A3956D46DE8}") = "Modulo-7", "Modulo-7", "{290649F7-FD76-402D-9D50-6E9CB1F06AD2}"
EndProject
Project("{2150E333-8FDC-42A3-9474-1A3956D46DE8}") = "Console", "Console", "{483C2EB6-DC49-4FA9-AA8C-CA460F1E71A7}"
EndProject
Project("{2150E333-8FDC-42A3-9474-1A3956D46DE8}") = "WPF", "WPF", "{E1E0D2D0-1983-4BF4-8FDF-1F3A7E14EF3B}"
EndProject
Project("{FAE04EC0-301F-11D3-BF4B-00C04F79EFBC}") = "CIPSA-CSharp-Module7Console", "CIPSA-CSharp-Module7Console\CIPSA-CSharp-Module7Console.csproj", "{D8BE786D-FC07-4153-87C5-56C816A487A0}"
EndProject
Project("{FAE04EC0-301F-11D3-BF4B-00C04F79EFBC}") = "CIPSA-CSharp-Module7WPF", "CIPSA-CSharp-Module7WPF\CIPSA-CSharp-Module7WPF.csproj", "{4A9FC7B2-3656-4886-BE7C-0D494D41C7DB}"
EndProject
Project("{2150E333-8FDC-42A3-9474-1A3956D46DE8}") = "Modulo-9", "Modulo-9", "{3A010F4B-9FB9-4A61-BEA2-4B5CD0B42412}"
EndProject
Project("{2150E333-8FDC-42A3-9474-1A3956D46DE8}") = "Console", "Console", "{C6BEA328-7E8D-43CD-BFE4-39C7412305CB}"
EndProject
Project("{FAE04EC0-301F-11D3-BF4B-00C04F79EFBC}") = "CIPSA-CSharp-Module9Console", "CIPSA-CSharp-Module9Console\CIPSA-CSharp-Module9Console.csproj", "{438F56FC-A8FB-4B47-929B-2CF11F537824}"
EndProject
Project("{2150E333-8FDC-42A3-9474-1A3956D46DE8}") = "Modulo-10", "Modulo-10", "{2A1E947E-FB88-4E3C-B4A0-47E70A7FE330}"
EndProject
Project("{FAE04EC0-301F-11D3-BF4B-00C04F79EFBC}") = "CIPSA-CSharp-Module10WPF", "CIPSA-CSharp-Module10WPF\CIPSA-CSharp-Module10WPF.csproj", "{3DD3AA69-DD69-43CA-A83A-46801B00C54E}"
EndProject
Global
	GlobalSection(SolutionConfigurationPlatforms) = preSolution
		Debug|Any CPU = Debug|Any CPU
		Release|Any CPU = Release|Any CPU
	EndGlobalSection
	GlobalSection(ProjectConfigurationPlatforms) = postSolution
		{D6AC6AD6-2BAE-4F4E-8715-DF9BB99395A0}.Debug|Any CPU.ActiveCfg = Debug|Any CPU
		{D6AC6AD6-2BAE-4F4E-8715-DF9BB99395A0}.Debug|Any CPU.Build.0 = Debug|Any CPU
		{D6AC6AD6-2BAE-4F4E-8715-DF9BB99395A0}.Release|Any CPU.ActiveCfg = Release|Any CPU
		{D6AC6AD6-2BAE-4F4E-8715-DF9BB99395A0}.Release|Any CPU.Build.0 = Release|Any CPU
		{3F8101F6-B6E0-45F6-B2FE-C13133DE5D9C}.Debug|Any CPU.ActiveCfg = Debug|Any CPU
		{3F8101F6-B6E0-45F6-B2FE-C13133DE5D9C}.Debug|Any CPU.Build.0 = Debug|Any CPU
		{3F8101F6-B6E0-45F6-B2FE-C13133DE5D9C}.Release|Any CPU.ActiveCfg = Release|Any CPU
		{3F8101F6-B6E0-45F6-B2FE-C13133DE5D9C}.Release|Any CPU.Build.0 = Release|Any CPU
		{721D151D-FED2-406B-B03E-2F06ECDBDFF9}.Debug|Any CPU.ActiveCfg = Debug|Any CPU
		{721D151D-FED2-406B-B03E-2F06ECDBDFF9}.Debug|Any CPU.Build.0 = Debug|Any CPU
		{721D151D-FED2-406B-B03E-2F06ECDBDFF9}.Release|Any CPU.ActiveCfg = Release|Any CPU
		{721D151D-FED2-406B-B03E-2F06ECDBDFF9}.Release|Any CPU.Build.0 = Release|Any CPU
		{AE7AF452-2C60-4CF7-BDB0-3C39B0903BF9}.Debug|Any CPU.ActiveCfg = Debug|Any CPU
		{AE7AF452-2C60-4CF7-BDB0-3C39B0903BF9}.Debug|Any CPU.Build.0 = Debug|Any CPU
		{AE7AF452-2C60-4CF7-BDB0-3C39B0903BF9}.Release|Any CPU.ActiveCfg = Release|Any CPU
		{AE7AF452-2C60-4CF7-BDB0-3C39B0903BF9}.Release|Any CPU.Build.0 = Release|Any CPU
		{C1EB0E27-CF43-4A25-9D68-38354D4E15F1}.Debug|Any CPU.ActiveCfg = Debug|Any CPU
		{C1EB0E27-CF43-4A25-9D68-38354D4E15F1}.Debug|Any CPU.Build.0 = Debug|Any CPU
		{C1EB0E27-CF43-4A25-9D68-38354D4E15F1}.Release|Any CPU.ActiveCfg = Release|Any CPU
		{C1EB0E27-CF43-4A25-9D68-38354D4E15F1}.Release|Any CPU.Build.0 = Release|Any CPU
		{0979C90A-770A-4330-9820-E37ADD71D342}.Debug|Any CPU.ActiveCfg = Debug|Any CPU
		{0979C90A-770A-4330-9820-E37ADD71D342}.Debug|Any CPU.Build.0 = Debug|Any CPU
		{0979C90A-770A-4330-9820-E37ADD71D342}.Release|Any CPU.ActiveCfg = Release|Any CPU
		{0979C90A-770A-4330-9820-E37ADD71D342}.Release|Any CPU.Build.0 = Release|Any CPU
		{FFE65022-5C3E-4EDB-963C-D7CAEE816BFF}.Debug|Any CPU.ActiveCfg = Debug|Any CPU
		{FFE65022-5C3E-4EDB-963C-D7CAEE816BFF}.Debug|Any CPU.Build.0 = Debug|Any CPU
		{FFE65022-5C3E-4EDB-963C-D7CAEE816BFF}.Release|Any CPU.ActiveCfg = Release|Any CPU
		{FFE65022-5C3E-4EDB-963C-D7CAEE816BFF}.Release|Any CPU.Build.0 = Release|Any CPU
		{0AE463F8-770A-4C71-9AFA-1BCD86AAADE9}.Debug|Any CPU.ActiveCfg = Debug|Any CPU
		{0AE463F8-770A-4C71-9AFA-1BCD86AAADE9}.Debug|Any CPU.Build.0 = Debug|Any CPU
		{0AE463F8-770A-4C71-9AFA-1BCD86AAADE9}.Release|Any CPU.ActiveCfg = Release|Any CPU
		{0AE463F8-770A-4C71-9AFA-1BCD86AAADE9}.Release|Any CPU.Build.0 = Release|Any CPU
		{0E92A37E-80E7-4B54-A576-E3E0B758262E}.Debug|Any CPU.ActiveCfg = Debug|Any CPU
		{0E92A37E-80E7-4B54-A576-E3E0B758262E}.Debug|Any CPU.Build.0 = Debug|Any CPU
		{0E92A37E-80E7-4B54-A576-E3E0B758262E}.Release|Any CPU.ActiveCfg = Release|Any CPU
		{0E92A37E-80E7-4B54-A576-E3E0B758262E}.Release|Any CPU.Build.0 = Release|Any CPU
		{AC1BDB5E-ED96-4D9E-8D6E-FD700714A020}.Debug|Any CPU.ActiveCfg = Debug|Any CPU
		{AC1BDB5E-ED96-4D9E-8D6E-FD700714A020}.Debug|Any CPU.Build.0 = Debug|Any CPU
		{AC1BDB5E-ED96-4D9E-8D6E-FD700714A020}.Release|Any CPU.ActiveCfg = Release|Any CPU
		{AC1BDB5E-ED96-4D9E-8D6E-FD700714A020}.Release|Any CPU.Build.0 = Release|Any CPU
		{C1DC14CB-85D4-4C30-9709-FF8BDD161097}.Debug|Any CPU.ActiveCfg = Debug|Any CPU
		{C1DC14CB-85D4-4C30-9709-FF8BDD161097}.Debug|Any CPU.Build.0 = Debug|Any CPU
		{C1DC14CB-85D4-4C30-9709-FF8BDD161097}.Release|Any CPU.ActiveCfg = Release|Any CPU
		{C1DC14CB-85D4-4C30-9709-FF8BDD161097}.Release|Any CPU.Build.0 = Release|Any CPU
		{4220A52F-CB2F-4801-A71D-E589F254DA64}.Debug|Any CPU.ActiveCfg = Debug|Any CPU
		{4220A52F-CB2F-4801-A71D-E589F254DA64}.Debug|Any CPU.Build.0 = Debug|Any CPU
		{4220A52F-CB2F-4801-A71D-E589F254DA64}.Release|Any CPU.ActiveCfg = Release|Any CPU
		{4220A52F-CB2F-4801-A71D-E589F254DA64}.Release|Any CPU.Build.0 = Release|Any CPU
		{EDD9BBD8-252C-46EF-B01B-670CA8896207}.Debug|Any CPU.ActiveCfg = Debug|Any CPU
		{EDD9BBD8-252C-46EF-B01B-670CA8896207}.Debug|Any CPU.Build.0 = Debug|Any CPU
		{EDD9BBD8-252C-46EF-B01B-670CA8896207}.Release|Any CPU.ActiveCfg = Release|Any CPU
		{EDD9BBD8-252C-46EF-B01B-670CA8896207}.Release|Any CPU.Build.0 = Release|Any CPU
		{1A4737B6-2092-41D5-82D6-57DD21E1F53F}.Debug|Any CPU.ActiveCfg = Debug|Any CPU
		{1A4737B6-2092-41D5-82D6-57DD21E1F53F}.Debug|Any CPU.Build.0 = Debug|Any CPU
		{1A4737B6-2092-41D5-82D6-57DD21E1F53F}.Release|Any CPU.ActiveCfg = Release|Any CPU
		{1A4737B6-2092-41D5-82D6-57DD21E1F53F}.Release|Any CPU.Build.0 = Release|Any CPU
		{7B45A1BD-1F65-40D0-8306-422AE1256852}.Debug|Any CPU.ActiveCfg = Debug|Any CPU
		{7B45A1BD-1F65-40D0-8306-422AE1256852}.Debug|Any CPU.Build.0 = Debug|Any CPU
		{7B45A1BD-1F65-40D0-8306-422AE1256852}.Release|Any CPU.ActiveCfg = Release|Any CPU
		{7B45A1BD-1F65-40D0-8306-422AE1256852}.Release|Any CPU.Build.0 = Release|Any CPU
		{6F61C309-E7EE-481D-B13F-EA53CE091F1F}.Debug|Any CPU.ActiveCfg = Debug|Any CPU
		{6F61C309-E7EE-481D-B13F-EA53CE091F1F}.Debug|Any CPU.Build.0 = Debug|Any CPU
		{6F61C309-E7EE-481D-B13F-EA53CE091F1F}.Release|Any CPU.ActiveCfg = Release|Any CPU
		{6F61C309-E7EE-481D-B13F-EA53CE091F1F}.Release|Any CPU.Build.0 = Release|Any CPU
		{82A1CEBA-7590-4D3F-BB33-9D6A2CC85792}.Debug|Any CPU.ActiveCfg = Debug|Any CPU
		{82A1CEBA-7590-4D3F-BB33-9D6A2CC85792}.Debug|Any CPU.Build.0 = Debug|Any CPU
		{82A1CEBA-7590-4D3F-BB33-9D6A2CC85792}.Release|Any CPU.ActiveCfg = Release|Any CPU
		{82A1CEBA-7590-4D3F-BB33-9D6A2CC85792}.Release|Any CPU.Build.0 = Release|Any CPU
		{D8BE786D-FC07-4153-87C5-56C816A487A0}.Debug|Any CPU.ActiveCfg = Debug|Any CPU
		{D8BE786D-FC07-4153-87C5-56C816A487A0}.Debug|Any CPU.Build.0 = Debug|Any CPU
		{D8BE786D-FC07-4153-87C5-56C816A487A0}.Release|Any CPU.ActiveCfg = Release|Any CPU
		{D8BE786D-FC07-4153-87C5-56C816A487A0}.Release|Any CPU.Build.0 = Release|Any CPU
		{4A9FC7B2-3656-4886-BE7C-0D494D41C7DB}.Debug|Any CPU.ActiveCfg = Debug|Any CPU
		{4A9FC7B2-3656-4886-BE7C-0D494D41C7DB}.Debug|Any CPU.Build.0 = Debug|Any CPU
		{4A9FC7B2-3656-4886-BE7C-0D494D41C7DB}.Release|Any CPU.ActiveCfg = Release|Any CPU
		{4A9FC7B2-3656-4886-BE7C-0D494D41C7DB}.Release|Any CPU.Build.0 = Release|Any CPU
		{438F56FC-A8FB-4B47-929B-2CF11F537824}.Debug|Any CPU.ActiveCfg = Debug|Any CPU
		{438F56FC-A8FB-4B47-929B-2CF11F537824}.Debug|Any CPU.Build.0 = Debug|Any CPU
		{438F56FC-A8FB-4B47-929B-2CF11F537824}.Release|Any CPU.ActiveCfg = Release|Any CPU
		{438F56FC-A8FB-4B47-929B-2CF11F537824}.Release|Any CPU.Build.0 = Release|Any CPU
		{3DD3AA69-DD69-43CA-A83A-46801B00C54E}.Debug|Any CPU.ActiveCfg = Debug|Any CPU
		{3DD3AA69-DD69-43CA-A83A-46801B00C54E}.Debug|Any CPU.Build.0 = Debug|Any CPU
		{3DD3AA69-DD69-43CA-A83A-46801B00C54E}.Release|Any CPU.ActiveCfg = Release|Any CPU
		{3DD3AA69-DD69-43CA-A83A-46801B00C54E}.Release|Any CPU.Build.0 = Release|Any CPU
	EndGlobalSection
	GlobalSection(SolutionProperties) = preSolution
		HideSolutionNode = FALSE
	EndGlobalSection
	GlobalSection(NestedProjects) = preSolution
		{A9929C33-0457-4B3D-AA58-0CCF83781613} = {762D8B37-440A-4589-B708-DE421C30A166}
		{1D4014ED-268A-443E-8BBD-A6C19568C2CD} = {762D8B37-440A-4589-B708-DE421C30A166}
		{3C73A959-F0A4-43A0-9FA8-4B270137E22D} = {762D8B37-440A-4589-B708-DE421C30A166}
		{BFBD1D2E-6235-4D0B-93DD-B9A030BFD3ED} = {762D8B37-440A-4589-B708-DE421C30A166}
		{956D6AD4-C1D4-46F0-9FE4-59F0717DDC30} = {762D8B37-440A-4589-B708-DE421C30A166}
		{D6AC6AD6-2BAE-4F4E-8715-DF9BB99395A0} = {28050192-096B-4587-B059-4FB1587EDFA1}
		{3F8101F6-B6E0-45F6-B2FE-C13133DE5D9C} = {A9929C33-0457-4B3D-AA58-0CCF83781613}
		{691B267D-9B45-4B11-954A-6170033981B7} = {1D4014ED-268A-443E-8BBD-A6C19568C2CD}
		{721D151D-FED2-406B-B03E-2F06ECDBDFF9} = {691B267D-9B45-4B11-954A-6170033981B7}
		{AE7AF452-2C60-4CF7-BDB0-3C39B0903BF9} = {691B267D-9B45-4B11-954A-6170033981B7}
		{C1EB0E27-CF43-4A25-9D68-38354D4E15F1} = {691B267D-9B45-4B11-954A-6170033981B7}
		{0979C90A-770A-4330-9820-E37ADD71D342} = {691B267D-9B45-4B11-954A-6170033981B7}
		{FFE65022-5C3E-4EDB-963C-D7CAEE816BFF} = {691B267D-9B45-4B11-954A-6170033981B7}
		{EF0BE219-8A66-4218-9CDA-5DDA53FB869F} = {3C73A959-F0A4-43A0-9FA8-4B270137E22D}
		{0AE463F8-770A-4C71-9AFA-1BCD86AAADE9} = {EF0BE219-8A66-4218-9CDA-5DDA53FB869F}
		{0E92A37E-80E7-4B54-A576-E3E0B758262E} = {EF0BE219-8A66-4218-9CDA-5DDA53FB869F}
		{AC1BDB5E-ED96-4D9E-8D6E-FD700714A020} = {EF0BE219-8A66-4218-9CDA-5DDA53FB869F}
		{C1DC14CB-85D4-4C30-9709-FF8BDD161097} = {EF0BE219-8A66-4218-9CDA-5DDA53FB869F}
		{4220A52F-CB2F-4801-A71D-E589F254DA64} = {EF0BE219-8A66-4218-9CDA-5DDA53FB869F}
		{41C24924-6291-4014-85D3-EA702FAFA9BD} = {3C73A959-F0A4-43A0-9FA8-4B270137E22D}
		{EDD9BBD8-252C-46EF-B01B-670CA8896207} = {41C24924-6291-4014-85D3-EA702FAFA9BD}
		{1ACF4335-ED07-45D3-9451-60D4A44B7EC3} = {BFBD1D2E-6235-4D0B-93DD-B9A030BFD3ED}
		{1A4737B6-2092-41D5-82D6-57DD21E1F53F} = {1ACF4335-ED07-45D3-9451-60D4A44B7EC3}
		{7B45A1BD-1F65-40D0-8306-422AE1256852} = {1ACF4335-ED07-45D3-9451-60D4A44B7EC3}
		{6F61C309-E7EE-481D-B13F-EA53CE091F1F} = {1ACF4335-ED07-45D3-9451-60D4A44B7EC3}
		{B453F3CE-D7D2-4805-89DC-9B5CAA2F46BA} = {956D6AD4-C1D4-46F0-9FE4-59F0717DDC30}
		{82A1CEBA-7590-4D3F-BB33-9D6A2CC85792} = {B453F3CE-D7D2-4805-89DC-9B5CAA2F46BA}
		{290649F7-FD76-402D-9D50-6E9CB1F06AD2} = {762D8B37-440A-4589-B708-DE421C30A166}
		{483C2EB6-DC49-4FA9-AA8C-CA460F1E71A7} = {290649F7-FD76-402D-9D50-6E9CB1F06AD2}
		{E1E0D2D0-1983-4BF4-8FDF-1F3A7E14EF3B} = {290649F7-FD76-402D-9D50-6E9CB1F06AD2}
		{D8BE786D-FC07-4153-87C5-56C816A487A0} = {483C2EB6-DC49-4FA9-AA8C-CA460F1E71A7}
		{4A9FC7B2-3656-4886-BE7C-0D494D41C7DB} = {E1E0D2D0-1983-4BF4-8FDF-1F3A7E14EF3B}
		{3A010F4B-9FB9-4A61-BEA2-4B5CD0B42412} = {762D8B37-440A-4589-B708-DE421C30A166}
		{C6BEA328-7E8D-43CD-BFE4-39C7412305CB} = {3A010F4B-9FB9-4A61-BEA2-4B5CD0B42412}
		{438F56FC-A8FB-4B47-929B-2CF11F537824} = {C6BEA328-7E8D-43CD-BFE4-39C7412305CB}
		{2A1E947E-FB88-4E3C-B4A0-47E70A7FE330} = {762D8B37-440A-4589-B708-DE421C30A166}
		{3DD3AA69-DD69-43CA-A83A-46801B00C54E} = {2A1E947E-FB88-4E3C-B4A0-47E70A7FE330}
	EndGlobalSection
	GlobalSection(ExtensibilityGlobals) = postSolution
		SolutionGuid = {C9699EA5-22B5-4E3A-BBE0-EBD6EEF1BCDB}
	EndGlobalSection
EndGlobal
